{
  "name": "better-anicharts",
  "version": "1.0.0",
  "lockfileVersion": 1,
  "requires": true,
  "dependencies": {
    "@types/async": {
      "version": "2.0.49",
      "resolved": "https://registry.npmjs.org/@types/async/-/async-2.0.49.tgz",
      "integrity": "sha512-Benr3i5odUkvpFkOpzGqrltGdbSs+EVCkEBGXbuR7uT0VzhXKIkhem6PDzHdx5EonA+rfbB3QvP6aDOw5+zp5Q==",
      "optional": true
    },
    "@types/graphql": {
      "version": "0.12.6",
      "resolved": "https://registry.npmjs.org/@types/graphql/-/graphql-0.12.6.tgz",
      "integrity": "sha512-wXAVyLfkG1UMkKOdMijVWFky39+OD/41KftzqfX1Oejd0Gm6dOIKjCihSVECg6X7PHjftxXmfOKA/d1H79ZfvQ=="
    },
    "@types/node": {
      "version": "10.5.3",
      "resolved": "https://registry.npmjs.org/@types/node/-/node-10.5.3.tgz",
      "integrity": "sha512-jQ1p+SyF/z8ygPxfSPKZKMWazlCgTBSyIaC1UCUvkLHDdxdmPQtQFk02X4WFM31Z1BKMAS3MSAK0cRP2c92n6Q=="
    },
    "@types/react": {
      "version": "16.4.7",
      "resolved": "https://registry.npmjs.org/@types/react/-/react-16.4.7.tgz",
      "integrity": "sha512-tHpSs7HMyjnpyfzka1G0pYh7rBNdpwGgcIDT4vfV6jUaR69yOHo/vNH2H+d9iYHo9xnX4qDe7UalPe9HiGRkLw==",
      "requires": {
        "csstype": "^2.2.0"
      }
    },
    "@types/react-dom": {
      "version": "16.0.6",
      "resolved": "https://registry.npmjs.org/@types/react-dom/-/react-dom-16.0.6.tgz",
      "integrity": "sha512-M+1zmwa5KxUpkCuxA4whlDJKYTGNvNQW4pIoCLH16xGbClicD9CzPry4y94kTjCCk/bJZCZ/GVqUsP7eKcO/mQ==",
      "requires": {
        "@types/node": "*",
        "@types/react": "*"
      }
    },
    "@types/zen-observable": {
      "version": "0.5.4",
      "resolved": "https://registry.npmjs.org/@types/zen-observable/-/zen-observable-0.5.4.tgz",
      "integrity": "sha512-sW6xN96wUak4tgc89d0tbTg7QDGYhGv5hvQIS6h4mRCd8h2btiZ80loPU8cyLwsBbA4ZeQt0FjvUhJ4rNhdsGg=="
    },
    "apollo-boost": {
      "version": "0.1.10",
      "resolved": "https://registry.npmjs.org/apollo-boost/-/apollo-boost-0.1.10.tgz",
      "integrity": "sha512-Bevaab5xqmOuxVmn8DV+7suoKP/ADX8NKzvfZhD3LgbP72MzpFXxulnP5/xSIBKn08mZvloeYGYdQkoxa7q3/Q==",
      "requires": {
        "apollo-cache": "^1.1.12",
        "apollo-cache-inmemory": "^1.2.5",
        "apollo-client": "^2.3.5",
        "apollo-link": "^1.0.6",
        "apollo-link-error": "^1.0.3",
        "apollo-link-http": "^1.3.1",
        "apollo-link-state": "^0.4.0",
        "graphql-tag": "^2.4.2"
      }
    },
    "apollo-cache": {
      "version": "1.1.12",
      "resolved": "https://registry.npmjs.org/apollo-cache/-/apollo-cache-1.1.12.tgz",
      "integrity": "sha512-D0BPiHvJ6vIrXRh6P4mwlxuUOvODGuJxJq+zIjP8fADIqwjYtH3U3d/PY8dQ2fn4bDbvIAWBUkADBuJLpLIIpg==",
      "requires": {
        "apollo-utilities": "^1.0.16"
      }
    },
    "apollo-cache-inmemory": {
      "version": "1.2.5",
      "resolved": "https://registry.npmjs.org/apollo-cache-inmemory/-/apollo-cache-inmemory-1.2.5.tgz",
      "integrity": "sha512-D9KIT4bq7ORm0BVXjSIxU09SvTUunWKxM63Lvr81hR83I7B7RRM3uFBDUV9VG8rlIGkD+1obBNlW2ycerFV8wQ==",
      "requires": {
        "apollo-cache": "^1.1.12",
        "apollo-utilities": "^1.0.16",
        "graphql-anywhere": "^4.1.14"
      }
    },
    "apollo-client": {
      "version": "2.3.5",
      "resolved": "https://registry.npmjs.org/apollo-client/-/apollo-client-2.3.5.tgz",
      "integrity": "sha512-FYg+Mj/HWSaO/ZllT5JnyHGUhkFhZ+UOdEvJd/DYKjxHNPal/d3jyXtG947r4IhUqPmmxXsAXNwvJGPieBKJGg==",
      "requires": {
        "@types/async": "2.0.49",
        "@types/zen-observable": "^0.5.3",
        "apollo-cache": "^1.1.12",
        "apollo-link": "^1.0.0",
        "apollo-link-dedup": "^1.0.0",
        "apollo-utilities": "^1.0.16",
        "symbol-observable": "^1.0.2",
        "zen-observable": "^0.8.0"
      }
    },
    "apollo-link": {
      "version": "1.2.2",
      "resolved": "https://registry.npmjs.org/apollo-link/-/apollo-link-1.2.2.tgz",
      "integrity": "sha512-Uk/BC09dm61DZRDSu52nGq0nFhq7mcBPTjy5EEH1eunJndtCaNXQhQz/BjkI2NdrfGI+B+i5he6YSoRBhYizdw==",
      "requires": {
        "@types/graphql": "0.12.6",
        "apollo-utilities": "^1.0.0",
        "zen-observable-ts": "^0.8.9"
      }
    },
    "apollo-link-dedup": {
      "version": "1.0.9",
      "resolved": "https://registry.npmjs.org/apollo-link-dedup/-/apollo-link-dedup-1.0.9.tgz",
      "integrity": "sha512-RbuEKpmSHVMtoREMPh2wUFTeh65q+0XPVeqgaOP/rGEAfvLyOMvX0vT2nVaejMohoMxuUnfZwpldXaDFWnlVbg==",
      "requires": {
        "apollo-link": "^1.2.2"
      }
    },
    "apollo-link-error": {
      "version": "1.1.0",
      "resolved": "https://registry.npmjs.org/apollo-link-error/-/apollo-link-error-1.1.0.tgz",
      "integrity": "sha512-4Vu/IUn6Kn6+Fthym4iuqypCKcLdwTg3MaCvtLdaLbt9X2hNCq3y8mv6vuWIlAY51X8wKhCgYghQSOs5R/embQ==",
      "requires": {
        "apollo-link": "^1.2.2"
      }
    },
    "apollo-link-http": {
      "version": "1.5.4",
      "resolved": "https://registry.npmjs.org/apollo-link-http/-/apollo-link-http-1.5.4.tgz",
      "integrity": "sha512-e9Ng3HfnW00Mh3TI6DhNRfozmzQOtKgdi+qUAsHBOEcTP0PTAmb+9XpeyEEOueLyO0GXhB92HUCIhzrWMXgwyg==",
      "requires": {
        "apollo-link": "^1.2.2",
        "apollo-link-http-common": "^0.2.4"
      }
    },
    "apollo-link-http-common": {
      "version": "0.2.4",
      "resolved": "https://registry.npmjs.org/apollo-link-http-common/-/apollo-link-http-common-0.2.4.tgz",
      "integrity": "sha512-4j6o6WoXuSPen9xh4NBaX8/vL98X1xY2cYzUEK1F8SzvHe2oFONfxJBTekwU8hnvapcuq8Qh9Uct+gelu8T10g==",
      "requires": {
        "apollo-link": "^1.2.2"
      }
    },
    "apollo-link-state": {
      "version": "0.4.1",
      "resolved": "https://registry.npmjs.org/apollo-link-state/-/apollo-link-state-0.4.1.tgz",
      "integrity": "sha512-69/til4ENfl/Fvf7br2xSsLSBcxcXPbOHVNkzLLejvUZickl93HLO4/fO+uvoBi4dCYRgN17Zr8FwI41ueRx0g==",
      "requires": {
        "apollo-utilities": "^1.0.8",
        "graphql-anywhere": "^4.1.0-alpha.0"
      }
    },
    "apollo-utilities": {
      "version": "1.0.16",
      "resolved": "https://registry.npmjs.org/apollo-utilities/-/apollo-utilities-1.0.16.tgz",
      "integrity": "sha512-5oKnElKqkV920KRbitiyISLeG63tUGAyNdotg58bQSX9Omr+smoNDTIRMRLbyIdKOYLaw3LpDaRepOPqljj0NQ==",
      "requires": {
        "fast-json-stable-stringify": "^2.0.0"
      }
    },
    "asap": {
      "version": "2.0.6",
      "resolved": "https://registry.npmjs.org/asap/-/asap-2.0.6.tgz",
      "integrity": "sha1-5QNHYR1+aQlDIIu9r+vLwvuGbUY="
    },
    "balanced-match": {
      "version": "1.0.0",
      "resolved": "https://registry.npmjs.org/balanced-match/-/balanced-match-1.0.0.tgz",
      "integrity": "sha1-ibTRmasr7kneFk6gK4nORi1xt2c=",
      "dev": true
    },
    "base64-js": {
      "version": "1.3.0",
      "resolved": "https://registry.npmjs.org/base64-js/-/base64-js-1.3.0.tgz",
      "integrity": "sha512-ccav/yGvoa80BQDljCxsmmQ3Xvx60/UpBIij5QN21W3wBi/hhIC9OoO+KLpu9IJTS9j4DRVJ3aDDF9cMSoa2lw=="
    },
    "brace-expansion": {
      "version": "1.1.11",
      "resolved": "https://registry.npmjs.org/brace-expansion/-/brace-expansion-1.1.11.tgz",
      "integrity": "sha512-iCuPHDFgrHX7H2vEI/5xpz07zSHB00TpugqhmYtVmMO6518mCuRMoOYFldEBl0g187ufozdaHgWKcYFb61qGiA==",
      "dev": true,
      "requires": {
        "balanced-match": "^1.0.0",
        "concat-map": "0.0.1"
      }
    },
    "buffer": {
      "version": "5.1.0",
      "resolved": "https://registry.npmjs.org/buffer/-/buffer-5.1.0.tgz",
      "integrity": "sha512-YkIRgwsZwJWTnyQrsBTWefizHh+8GYj3kbL1BTiAQ/9pwpino0G7B2gp5tx/FUBqUlvtxV85KNR3mwfAtv15Yw==",
      "requires": {
        "base64-js": "^1.0.2",
        "ieee754": "^1.1.4"
      }
    },
    "chroma-js": {
      "version": "1.3.7",
      "resolved": "https://registry.npmjs.org/chroma-js/-/chroma-js-1.3.7.tgz",
      "integrity": "sha512-ARq0P94NObL8hdQbgc+E33X9OHiNzdHO7epe3nC/KgxNRxkQcFpzNqnGeFjvOY2GxfVhbia686NXD2jByb1o0g=="
    },
    "clean-tag": {
      "version": "1.1.0",
      "resolved": "https://registry.npmjs.org/clean-tag/-/clean-tag-1.1.0.tgz",
      "integrity": "sha512-ly8usTlnKRFrL+D3+vZrX7lsDV+T9prxdL+IxLzjhKRIUYJlMWC4R3mUABWjb8AW33Wijy6UT2UUD2vYjPRF7A==",
      "requires": {
        "html-tags": "^2.0.0",
        "react": ">=16.0.0",
        "styled-system": ">=2.0.0 || >=3.0.0"
      }
    },
    "concat-map": {
      "version": "0.0.1",
      "resolved": "https://registry.npmjs.org/concat-map/-/concat-map-0.0.1.tgz",
      "integrity": "sha1-2Klr13/Wjfd5OnMDajug1UBdR3s=",
      "dev": true
    },
    "core-js": {
      "version": "1.2.7",
      "resolved": "https://registry.npmjs.org/core-js/-/core-js-1.2.7.tgz",
      "integrity": "sha1-ZSKUwUZR2yj6k70tX/KYOk8IxjY="
    },
    "css-color-keywords": {
      "version": "1.0.0",
      "resolved": "https://registry.npmjs.org/css-color-keywords/-/css-color-keywords-1.0.0.tgz",
      "integrity": "sha1-/qJhbcZ2spYmhrOvjb2+GAskTgU="
    },
    "css-to-react-native": {
      "version": "2.2.1",
      "resolved": "https://registry.npmjs.org/css-to-react-native/-/css-to-react-native-2.2.1.tgz",
      "integrity": "sha512-v++LRcf633phJiYZBDqtmGPj3+BVof0isd2jgwYLWZJ5YSuhCkrfYtDsNhM6oJthiEco0f9tDVJ1vUkDJNgGEA==",
      "requires": {
        "css-color-keywords": "^1.0.0",
        "fbjs": "^0.8.5",
        "postcss-value-parser": "^3.3.0"
      }
    },
    "csstype": {
      "version": "2.5.6",
      "resolved": "https://registry.npmjs.org/csstype/-/csstype-2.5.6.tgz",
      "integrity": "sha512-tKPyhy0FmfYD2KQYXD5GzkvAYLYj96cMLXr648CKGd3wBe0QqoPipImjGiLze9c8leJK8J3n7ap90tpk3E6HGQ=="
    },
    "encoding": {
      "version": "0.1.12",
      "resolved": "https://registry.npmjs.org/encoding/-/encoding-0.1.12.tgz",
      "integrity": "sha1-U4tm8+5izRq1HsMjgp0flIDHS+s=",
      "requires": {
        "iconv-lite": "~0.4.13"
      }
    },
    "fast-json-stable-stringify": {
      "version": "2.0.0",
      "resolved": "https://registry.npmjs.org/fast-json-stable-stringify/-/fast-json-stable-stringify-2.0.0.tgz",
      "integrity": "sha1-1RQsDK7msRifh9OnYREGT4bIu/I="
    },
    "fbjs": {
      "version": "0.8.17",
      "resolved": "https://registry.npmjs.org/fbjs/-/fbjs-0.8.17.tgz",
      "integrity": "sha1-xNWY6taUkRJlPWWIsBpc3Nn5D90=",
      "requires": {
        "core-js": "^1.0.0",
        "isomorphic-fetch": "^2.1.1",
        "loose-envify": "^1.0.0",
        "object-assign": "^4.1.0",
        "promise": "^7.1.1",
        "setimmediate": "^1.0.5",
        "ua-parser-js": "^0.7.18"
      }
    },
    "fs.realpath": {
      "version": "1.0.0",
      "resolved": "https://registry.npmjs.org/fs.realpath/-/fs.realpath-1.0.0.tgz",
      "integrity": "sha1-FQStJSMVjKpA20onh8sBQRmU6k8=",
      "dev": true
    },
    "glob": {
      "version": "7.1.2",
      "resolved": "https://registry.npmjs.org/glob/-/glob-7.1.2.tgz",
      "integrity": "sha512-MJTUg1kjuLeQCJ+ccE4Vpa6kKVXkPYJ2mOCQyUuKLcLQsdrMCpBPUi8qVE6+YuaJkozeA9NusTAw3hLr8Xe5EQ==",
      "dev": true,
      "requires": {
        "fs.realpath": "^1.0.0",
        "inflight": "^1.0.4",
        "inherits": "2",
        "minimatch": "^3.0.4",
        "once": "^1.3.0",
        "path-is-absolute": "^1.0.0"
      }
    },
    "graphql": {
      "version": "0.13.2",
      "resolved": "https://registry.npmjs.org/graphql/-/graphql-0.13.2.tgz",
      "integrity": "sha512-QZ5BL8ZO/B20VA8APauGBg3GyEgZ19eduvpLWoq5x7gMmWnHoy8rlQWPLmWgFvo1yNgjSEFMesmS4R6pPr7xog==",
      "requires": {
        "iterall": "^1.2.1"
      }
    },
    "graphql-anywhere": {
      "version": "4.1.14",
      "resolved": "https://registry.npmjs.org/graphql-anywhere/-/graphql-anywhere-4.1.14.tgz",
      "integrity": "sha512-Wy4h9FWwxgrDRP16wXApP/VmNKXXTvY8jZLDtgxwDuC8Z6LSVkeCDjQSCyNKdgktky104UCbIQ3x+et9bQupDA==",
      "requires": {
        "apollo-utilities": "^1.0.16"
      }
    },
    "graphql-tag": {
      "version": "2.9.2",
      "resolved": "https://registry.npmjs.org/graphql-tag/-/graphql-tag-2.9.2.tgz",
      "integrity": "sha512-qnNmof9pAqj/LUzs3lStP0Gw1qhdVCUS7Ab7+SUB6KD5aX1uqxWQRwMnOGTkhKuLvLNIs1TvNz+iS9kUGl1MhA=="
    },
    "grid-styled": {
      "version": "4.3.3",
      "resolved": "https://registry.npmjs.org/grid-styled/-/grid-styled-4.3.3.tgz",
      "integrity": "sha512-aTwrgBrVGHimYIbHzC6fVxWhCjng/7OgHtU+CUq2vLeDk1Yq1EF35Ca3NUjFE3TVFZjAQ1505TqHXirgkUtFyA==",
      "requires": {
        "clean-tag": "^1.0.4",
        "system-components": "^2.2.3"
      }
    },
    "has-flag": {
      "version": "1.0.0",
      "resolved": "https://registry.npmjs.org/has-flag/-/has-flag-1.0.0.tgz",
      "integrity": "sha1-nZ55MWXOAXoA8AQYxD+UKnsdEfo="
    },
    "hoist-non-react-statics": {
      "version": "2.5.5",
      "resolved": "https://registry.npmjs.org/hoist-non-react-statics/-/hoist-non-react-statics-2.5.5.tgz",
      "integrity": "sha512-rqcy4pJo55FTTLWt+bU8ukscqHeE/e9KWvsOW2b/a3afxQZhwkQdT1rPPCJ0rYXdj4vNcasY8zHTH+jF/qStxw=="
    },
    "html-tags": {
      "version": "2.0.0",
      "resolved": "https://registry.npmjs.org/html-tags/-/html-tags-2.0.0.tgz",
      "integrity": "sha1-ELMKOGCF9Dzt41PMj6fLDe7qZos="
    },
    "iconv-lite": {
      "version": "0.4.23",
      "resolved": "https://registry.npmjs.org/iconv-lite/-/iconv-lite-0.4.23.tgz",
      "integrity": "sha512-neyTUVFtahjf0mB3dZT77u+8O0QB89jFdnBkd5P1JgYPbPaia3gXXOVL2fq8VyU2gMMD7SaN7QukTB/pmXYvDA==",
      "requires": {
        "safer-buffer": ">= 2.1.2 < 3"
      }
    },
    "ieee754": {
      "version": "1.1.12",
      "resolved": "https://registry.npmjs.org/ieee754/-/ieee754-1.1.12.tgz",
      "integrity": "sha512-GguP+DRY+pJ3soyIiGPTvdiVXjZ+DbXOxGpXn3eMvNW4x4irjqXm4wHKscC+TfxSJ0yw/S1F24tqdMNsMZTiLA=="
    },
    "inflight": {
      "version": "1.0.6",
      "resolved": "https://registry.npmjs.org/inflight/-/inflight-1.0.6.tgz",
      "integrity": "sha1-Sb1jMdfQLQwJvJEKEHW6gWW1bfk=",
      "dev": true,
      "requires": {
        "once": "^1.3.0",
        "wrappy": "1"
      }
    },
    "inherits": {
      "version": "2.0.3",
      "resolved": "https://registry.npmjs.org/inherits/-/inherits-2.0.3.tgz",
      "integrity": "sha1-Yzwsg+PaQqUC9SRmAiSA9CCCYd4=",
      "dev": true
    },
    "invariant": {
      "version": "2.2.4",
      "resolved": "https://registry.npmjs.org/invariant/-/invariant-2.2.4.tgz",
      "integrity": "sha512-phJfQVBuaJM5raOpJjSfkiD6BpbCE4Ns//LaXl6wGYtUBY83nWS6Rf9tXm2e8VaK60JEjYldbPif/A2B1C2gNA==",
      "requires": {
        "loose-envify": "^1.0.0"
      }
    },
    "is-plain-object": {
      "version": "2.0.4",
      "resolved": "https://registry.npmjs.org/is-plain-object/-/is-plain-object-2.0.4.tgz",
      "integrity": "sha512-h5PpgXkWitc38BBMYawTYMWJHFZJVnBquFE57xFpjB8pJFiF6gZ+bU+WyI/yqXiFR5mdLsgYNaPe8uao6Uv9Og==",
      "requires": {
        "isobject": "^3.0.1"
      }
    },
    "is-stream": {
      "version": "1.1.0",
      "resolved": "https://registry.npmjs.org/is-stream/-/is-stream-1.1.0.tgz",
      "integrity": "sha1-EtSj3U5o4Lec6428hBc66A2RykQ="
    },
    "isobject": {
      "version": "3.0.1",
      "resolved": "https://registry.npmjs.org/isobject/-/isobject-3.0.1.tgz",
      "integrity": "sha1-TkMekrEalzFjaqH5yNHMvP2reN8="
    },
    "isomorphic-fetch": {
      "version": "2.2.1",
      "resolved": "https://registry.npmjs.org/isomorphic-fetch/-/isomorphic-fetch-2.2.1.tgz",
      "integrity": "sha1-YRrhrPFPXoH3KVB0coGf6XM1WKk=",
      "requires": {
        "node-fetch": "^1.0.1",
        "whatwg-fetch": ">=0.10.0"
      }
    },
    "iterall": {
      "version": "1.2.2",
      "resolved": "https://registry.npmjs.org/iterall/-/iterall-1.2.2.tgz",
      "integrity": "sha512-yynBb1g+RFUPY64fTrFv7nsjRrENBQJaX2UL+2Szc9REFrSNm1rpSXHGzhmAy7a9uv3vlvgBlXnf9RqmPH1/DA=="
    },
    "js-tokens": {
      "version": "4.0.0",
      "resolved": "https://registry.npmjs.org/js-tokens/-/js-tokens-4.0.0.tgz",
      "integrity": "sha512-RdJUflcE3cUzKiMqQgsCu06FPu9UdIJO0beYbPhHN4k6apgJtifcoCtT9bcxOpYBtpD2kCM6Sbzg4CausW/PKQ=="
    },
    "lodash": {
      "version": "4.17.10",
      "resolved": "https://registry.npmjs.org/lodash/-/lodash-4.17.10.tgz",
      "integrity": "sha512-UejweD1pDoXu+AD825lWwp4ZGtSwgnpZxb3JDViD7StjQz+Nb/6l093lx4OQ0foGWNRoc19mWy7BzL+UAK2iVg=="
    },
    "loose-envify": {
      "version": "1.4.0",
      "resolved": "https://registry.npmjs.org/loose-envify/-/loose-envify-1.4.0.tgz",
      "integrity": "sha512-lyuxPGr/Wfhrlem2CL/UcnUc1zcqKAImBDzukY7Y5F/yQiNdko6+fRLevlw1HgMySw7f611UIY408EtxRSoK3Q==",
      "requires": {
        "js-tokens": "^3.0.0 || ^4.0.0"
      }
    },
    "minimatch": {
      "version": "3.0.4",
      "resolved": "https://registry.npmjs.org/minimatch/-/minimatch-3.0.4.tgz",
      "integrity": "sha512-yJHVQEhyqPLUTgt9B83PXu6W3rx4MvvHvSUvToogpwoGDOUQ+yDrR0HRot+yOCdCO7u4hX3pWft6kWBBcqh0UA==",
      "dev": true,
      "requires": {
        "brace-expansion": "^1.1.7"
      }
    },
    "mobx": {
      "version": "5.0.3",
      "resolved": "https://registry.npmjs.org/mobx/-/mobx-5.0.3.tgz",
      "integrity": "sha1-U7l/Kg+bDdd3TJYkn4G/LVE9jhw="
    },
    "mobx-react": {
      "version": "5.2.3",
      "resolved": "https://registry.npmjs.org/mobx-react/-/mobx-react-5.2.3.tgz",
      "integrity": "sha512-OuSlF2nJEa1PGookZcZnINbvEK4iWNNYiqUh6aebk2AkWxj3sG8OafDOQMcMYApQALTHRsrBIjOx/K8TFxcz7w==",
      "requires": {
        "hoist-non-react-statics": "^2.5.0",
        "react-lifecycles-compat": "^3.0.2"
      }
    },
    "mobx-react-devtools": {
      "version": "6.0.2",
      "resolved": "https://registry.npmjs.org/mobx-react-devtools/-/mobx-react-devtools-6.0.2.tgz",
      "integrity": "sha1-qUCzJwFiXdi2ZZuuYjSxkr0Xo3s=",
      "dev": true
    },
    "node-fetch": {
      "version": "1.7.3",
      "resolved": "https://registry.npmjs.org/node-fetch/-/node-fetch-1.7.3.tgz",
      "integrity": "sha512-NhZ4CsKx7cYm2vSrBAr2PvFOe6sWDf0UYLRqA6svUYg7+/TSfVAu49jYC4BvQ4Sms9SZgdqGBgroqfDhJdTyKQ==",
      "requires": {
        "encoding": "^0.1.11",
        "is-stream": "^1.0.1"
      }
    },
    "object-assign": {
      "version": "4.1.1",
      "resolved": "https://registry.npmjs.org/object-assign/-/object-assign-4.1.1.tgz",
      "integrity": "sha1-IQmtx5ZYh8/AXLvUQsrIv7s2CGM="
    },
    "once": {
      "version": "1.4.0",
      "resolved": "https://registry.npmjs.org/once/-/once-1.4.0.tgz",
      "integrity": "sha1-WDsap3WWHUsROsF9nFC6753Xa9E=",
      "dev": true,
      "requires": {
        "wrappy": "1"
      }
    },
    "path-is-absolute": {
      "version": "1.0.1",
      "resolved": "https://registry.npmjs.org/path-is-absolute/-/path-is-absolute-1.0.1.tgz",
      "integrity": "sha1-F0uSaHNVNP+8es5r9TpanhtcX18=",
      "dev": true
    },
    "polished": {
      "version": "1.9.3",
      "resolved": "https://registry.npmjs.org/polished/-/polished-1.9.3.tgz",
      "integrity": "sha512-4NmSD7fMFlM8roNxs7YXPv7UFRbYzb0gufR5zBxJLRzY54+zFsavxBo6zsQzP9ep6Hh3pC2pTyrpSTBEaB6IkQ=="
    },
    "postcss-value-parser": {
      "version": "3.3.0",
      "resolved": "https://registry.npmjs.org/postcss-value-parser/-/postcss-value-parser-3.3.0.tgz",
      "integrity": "sha1-h/OPnxj3dKSrTIojL1xc6IcqnRU="
    },
    "promise": {
      "version": "7.3.1",
      "resolved": "https://registry.npmjs.org/promise/-/promise-7.3.1.tgz",
      "integrity": "sha512-nolQXZ/4L+bP/UGlkfaIujX9BKxGwmQ9OT4mOt5yvy8iK1h3wqTEJCijzGANTCCl9nWjY41juyAn2K3Q1hLLTg==",
      "requires": {
        "asap": "~2.0.3"
      }
    },
    "prop-types": {
      "version": "15.6.2",
      "resolved": "https://registry.npmjs.org/prop-types/-/prop-types-15.6.2.tgz",
      "integrity": "sha512-3pboPvLiWD7dkI3qf3KbUe6hKFKa52w+AE0VCqECtf+QHAKgOL37tTaNCnuX1nAAQ4ZhyP+kYVKf8rLmJ/feDQ==",
      "requires": {
        "loose-envify": "^1.3.1",
        "object-assign": "^4.1.1"
      }
    },
    "react": {
      "version": "16.4.1",
      "resolved": "https://registry.npmjs.org/react/-/react-16.4.1.tgz",
      "integrity": "sha512-3GEs0giKp6E0Oh/Y9ZC60CmYgUPnp7voH9fbjWsvXtYFb4EWtgQub0ADSq0sJR0BbHc4FThLLtzlcFaFXIorwg==",
      "requires": {
        "fbjs": "^0.8.16",
        "loose-envify": "^1.1.0",
        "object-assign": "^4.1.1",
        "prop-types": "^15.6.0"
      }
    },
    "react-apollo": {
      "version": "2.1.9",
      "resolved": "https://registry.npmjs.org/react-apollo/-/react-apollo-2.1.9.tgz",
      "integrity": "sha512-o6otpfh/neSzNjaq2x1GL9+aFz13pxQ0si4h2XpE7ON1lXD24YwpdFF277s8h1KFSVRvZmpzLmrg9OyOU9mo+w==",
      "requires": {
        "fbjs": "^0.8.16",
        "hoist-non-react-statics": "^2.5.0",
        "invariant": "^2.2.2",
        "lodash": "^4.17.10",
        "prop-types": "^15.6.0"
      }
    },
    "react-dom": {
      "version": "16.4.1",
      "resolved": "https://registry.npmjs.org/react-dom/-/react-dom-16.4.1.tgz",
      "integrity": "sha512-1Gin+wghF/7gl4Cqcvr1DxFX2Osz7ugxSwl6gBqCMpdrxHjIFUS7GYxrFftZ9Ln44FHw0JxCFD9YtZsrbR5/4A==",
      "requires": {
        "fbjs": "^0.8.16",
        "loose-envify": "^1.1.0",
        "object-assign": "^4.1.1",
        "prop-types": "^15.6.0"
      }
    },
    "react-is": {
      "version": "16.4.1",
      "resolved": "https://registry.npmjs.org/react-is/-/react-is-16.4.1.tgz",
      "integrity": "sha512-xpb0PpALlFWNw/q13A+1aHeyJyLYCg0/cCHPUA43zYluZuIPHaHL3k8OBsTgQtxqW0FhyDEMvi8fZ/+7+r4OSQ=="
    },
    "react-lazyload": {
      "version": "2.3.0",
      "resolved": "https://registry.npmjs.org/react-lazyload/-/react-lazyload-2.3.0.tgz",
      "integrity": "sha512-0z3qmL+qtSERdfKFpn0yKXm+1Gg1ZLZBXnCzHhSGiu1L8iDARuCkbOypxEx9+ETxZvMnXj98xvWCs5jyXTuM2w=="
    },
    "react-lifecycles-compat": {
      "version": "3.0.4",
      "resolved": "https://registry.npmjs.org/react-lifecycles-compat/-/react-lifecycles-compat-3.0.4.tgz",
      "integrity": "sha512-fBASbA6LnOU9dOU2eW7aQ8xmYBSXUIWr+UmF9b1efZBazGNO+rcXT/icdKnYm2pTwcRylVUYwW7H1PHfLekVzA=="
    },
    "rebass": {
      "version": "2.0.0-10",
      "resolved": "https://registry.npmjs.org/rebass/-/rebass-2.0.0-10.tgz",
      "integrity": "sha512-4qwV52eL0NdOof4bvq9unI8Mcs2X/yNh1OZbNpijZTm9fKawQS9I8qIjFJLt5Ci7DGIbheUM6pWhDeHLcWufdA==",
      "requires": {
        "chroma-js": "^1.3.6",
        "grid-styled": "^4.2.0",
        "prop-types": "^15.6.0",
        "styled-system": "^2.3.1",
        "system-components": "^2.2.1"
      },
      "dependencies": {
        "styled-system": {
          "version": "2.3.6",
          "resolved": "https://registry.npmjs.org/styled-system/-/styled-system-2.3.6.tgz",
          "integrity": "sha512-lGAh/8tC70f5hBUD7w0UOWCKyOBK2AzzWKu9BGzqla/Yjx8PzrvaciA7uATbm493hXTfRrecSdLdrIUET5IYnA==",
          "requires": {
            "prop-types": "^15.6.0"
          }
        }
      }
    },
    "rimraf": {
      "version": "2.6.2",
      "resolved": "https://registry.npmjs.org/rimraf/-/rimraf-2.6.2.tgz",
      "integrity": "sha512-lreewLK/BlghmxtfH36YYVg1i8IAce4TI7oao75I1g245+6BctqTVQiBP3YUJ9C6DQOXJmkYR9X9fCLtCOJc5w==",
      "dev": true,
      "requires": {
        "glob": "^7.0.5"
      }
    },
    "safer-buffer": {
      "version": "2.1.2",
      "resolved": "https://registry.npmjs.org/safer-buffer/-/safer-buffer-2.1.2.tgz",
      "integrity": "sha512-YZo3K82SD7Riyi0E1EQPojLz7kpepnSQI9IyPbHHg1XXXevb5dJI7tpyN2ADxGcQbHG7vcyRHk0cbwqcQriUtg=="
    },
    "setimmediate": {
      "version": "1.0.5",
      "resolved": "https://registry.npmjs.org/setimmediate/-/setimmediate-1.0.5.tgz",
      "integrity": "sha1-KQy7Iy4waULX1+qbg3Mqt4VvgoU="
    },
    "styled-components": {
      "version": "3.3.3",
      "resolved": "https://registry.npmjs.org/styled-components/-/styled-components-3.3.3.tgz",
      "integrity": "sha1-CecCBVqxH3qOq4IpscDQuFUJVoY=",
      "requires": {
        "buffer": "^5.0.3",
        "css-to-react-native": "^2.0.3",
        "fbjs": "^0.8.16",
        "hoist-non-react-statics": "^2.5.0",
        "is-plain-object": "^2.0.1",
        "prop-types": "^15.5.4",
        "react-is": "^16.3.1",
        "stylis": "^3.5.0",
        "stylis-rule-sheet": "^0.0.10",
        "supports-color": "^3.2.3"
      },
      "dependencies": {
        "supports-color": {
          "version": "3.2.3",
          "resolved": "https://registry.npmjs.org/supports-color/-/supports-color-3.2.3.tgz",
          "integrity": "sha1-ZawFBLOVQXHYpklGsq48u4pfVPY=",
          "requires": {
            "has-flag": "^1.0.0"
          }
        }
      }
    },
    "styled-system": {
      "version": "3.0.2",
      "resolved": "https://registry.npmjs.org/styled-system/-/styled-system-3.0.2.tgz",
      "integrity": "sha512-1fsnk6JtRZVoPo3515+mvaWdLjCXNN0jHvbSKrrz6niaW9fR1VLsx6VO1SBeZgjWo9dtonMhoyTB3oECAoVtrA==",
      "requires": {
        "prop-types": "^15.6.2"
      }
    },
    "stylis": {
      "version": "3.5.3",
      "resolved": "https://registry.npmjs.org/stylis/-/stylis-3.5.3.tgz",
      "integrity": "sha512-TxU0aAscJghF9I3V9q601xcK3Uw1JbXvpsBGj/HULqexKOKlOEzzlIpLFRbKkCK990ccuxfXUqmPbIIo7Fq/cQ=="
    },
    "stylis-rule-sheet": {
      "version": "0.0.10",
      "resolved": "https://registry.npmjs.org/stylis-rule-sheet/-/stylis-rule-sheet-0.0.10.tgz",
      "integrity": "sha512-nTbZoaqoBnmK+ptANthb10ZRZOGC+EmTLLUxeYIuHNkEKcmKgXX1XWKkUBT2Ac4es3NybooPe0SmvKdhKJZAuw=="
    },
    "symbol-observable": {
      "version": "1.2.0",
      "resolved": "https://registry.npmjs.org/symbol-observable/-/symbol-observable-1.2.0.tgz",
      "integrity": "sha512-e900nM8RRtGhlV36KGEU9k65K3mPb1WV70OdjfxlG2EAuM1noi/E/BaW/uMhL7bPEssK8QV57vN3esixjUvcXQ=="
    },
    "system-components": {
      "version": "2.2.3",
      "resolved": "https://registry.npmjs.org/system-components/-/system-components-2.2.3.tgz",
      "integrity": "sha512-zKcZEgqQEOGCTjug1L8Pkbw/ADJ3dI8iuwN6X1/+LLkE7PyCikjHckDFVtSYDLNgV1cjMlIlDPU17tngQoib9Q==",
      "requires": {
        "clean-tag": "^1.0.4",
        "styled-system": "^2.3.1"
      },
      "dependencies": {
        "styled-system": {
          "version": "2.3.6",
          "resolved": "https://registry.npmjs.org/styled-system/-/styled-system-2.3.6.tgz",
          "integrity": "sha512-lGAh/8tC70f5hBUD7w0UOWCKyOBK2AzzWKu9BGzqla/Yjx8PzrvaciA7uATbm493hXTfRrecSdLdrIUET5IYnA==",
          "requires": {
            "prop-types": "^15.6.0"
          }
        }
      }
    },
    "typescript": {
      "version": "2.9.2",
      "resolved": "https://registry.npmjs.org/typescript/-/typescript-2.9.2.tgz",
      "integrity": "sha512-Gr4p6nFNaoufRIY4NMdpQRNmgxVIGMs4Fcu/ujdYk3nAZqk7supzBE9idmvfZIlH/Cuj//dvi+019qEue9lV0w==",
      "dev": true
    },
    "ua-parser-js": {
      "version": "0.7.18",
      "resolved": "https://registry.npmjs.org/ua-parser-js/-/ua-parser-js-0.7.18.tgz",
      "integrity": "sha512-LtzwHlVHwFGTptfNSgezHp7WUlwiqb0gA9AALRbKaERfxwJoiX0A73QbTToxteIAuIaFshhgIZfqK8s7clqgnA=="
    },
    "whatwg-fetch": {
      "version": "2.0.4",
      "resolved": "https://registry.npmjs.org/whatwg-fetch/-/whatwg-fetch-2.0.4.tgz",
      "integrity": "sha512-dcQ1GWpOD/eEQ97k66aiEVpNnapVj90/+R+SXTPYGHpYBBypfKJEQjLrvMZ7YXbKm21gXd4NcuxUTjiv1YtLng=="
    },
    "wrappy": {
      "version": "1.0.2",
      "resolved": "https://registry.npmjs.org/wrappy/-/wrappy-1.0.2.tgz",
      "integrity": "sha1-tSQ9jz7BqjXxNkYFvA0QNuMKtp8=",
      "dev": true
    },
    "zen-observable": {
      "version": "0.8.8",
      "resolved": "https://registry.npmjs.org/zen-observable/-/zen-observable-0.8.8.tgz",
      "integrity": "sha512-HnhhyNnwTFzS48nihkCZIJGsWGFcYUz+XPDlPK5W84Ifji8SksC6m7sQWOf8zdCGhzQ4tDYuMYGu5B0N1dXTtg=="
    },
    "zen-observable-ts": {
      "version": "0.8.9",
      "resolved": "https://registry.npmjs.org/zen-observable-ts/-/zen-observable-ts-0.8.9.tgz",
      "integrity": "sha512-KJz2O8FxbAdAU5CSc8qZ1K2WYEJb1HxS6XDRF+hOJ1rOYcg6eTMmS9xYHCXzqZZzKw6BbXWyF4UpwSsBQnHJeA==",
      "requires": {
        "zen-observable": "^0.8.0"
      }
    }
  }
}
